
Microsoft Visual Studio Solution File, Format Version 12.00
# Visual Studio Version 16
VisualStudioVersion = 16.0.29911.84
MinimumVisualStudioVersion = 10.0.40219.1
Project("{9A19103F-16F7-4668-BE54-9A1E7A4F7556}") = "Up4All.Framework.MessageBus.Abstractions", "Up4All.Framework.MessageBus.Abstractions\Up4All.Framework.MessageBus.Abstractions.csproj", "{C16084C1-E22E-4D5C-86C0-F23C2AC2D890}"
EndProject
Global
	GlobalSection(SolutionConfigurationPlatforms) = preSolution
		Debug|Any CPU = Debug|Any CPU
		Release|Any CPU = Release|Any CPU
	EndGlobalSection
	GlobalSection(ProjectConfigurationPlatforms) = postSolution
		{C16084C1-E22E-4D5C-86C0-F23C2AC2D890}.Debug|Any CPU.ActiveCfg = Debug|Any CPU
		{C16084C1-E22E-4D5C-86C0-F23C2AC2D890}.Debug|Any CPU.Build.0 = Debug|Any CPU
		{C16084C1-E22E-4D5C-86C0-F23C2AC2D890}.Release|Any CPU.ActiveCfg = Release|Any CPU
		{C16084C1-E22E-4D5C-86C0-F23C2AC2D890}.Release|Any CPU.Build.0 = Release|Any CPU
	EndGlobalSection
	GlobalSection(SolutionProperties) = preSolution
		HideSolutionNode = FALSE
	EndGlobalSection
	GlobalSection(ExtensibilityGlobals) = postSolution
		SolutionGuid = {FA282386-366F-4445-BBC1-5EBD5C121AE1}
	EndGlobalSection
EndGlobal
